{
  "lockfileVersion": 1,
  "configVersion": 0,
  "workspaces": {
    "": {
      "name": "carnelian",
      "dependencies": {
        "@atproto/api": "0.20.14",
        "dayjs": "1.11.21",
        "encoding-japanese": "2.2.0",
        "jssha": "3.3.1",
        "minimatch": "10.2.5",
        "ts-pattern": "5.9.0",
      },
      "devDependencies": {
        "@biomejs/biome": "2.4.16",
        "@types/bun": "1.3.14",
        "@types/encoding-japanese": "2.2.1",
        "@types/jsdom": "28.0.3",
        "@types/node": "22",
        "@types/web": "0.0.350",
        "@typescript/native-preview": "7.0.0-dev.20260612.1",
        "builtin-modules": "5.2.0",
        "chokidar": "5.0.0",
        "esbuild": "0.28.1",
        "jsdom": "29.1.1",
        "obsidian": "1.13.1",
        "ts-json-schema-generator": "2.9.0",
        "tslib": "2.8.1",
      },
      "peerDependencies": {
        "typescript": "6.0.3",
      },
    },
  },
  "packages": {
    "@asamuzakjp/css-color": ["@asamuzakjp/css-color@5.1.11", "", { "dependencies": { "@asamuzakjp/generational-cache": "^1.0.1", "@csstools/css-calc": "^3.2.0", "@csstools/css-color-parser": "^4.1.0", "@csstools/css-parser-algorithms": "^4.0.0", "@csstools/css-tokenizer": "^4.0.0" } }, "sha512-KVw6qIiCTUQhByfTd78h2yD1/00waTmm9uy/R7Ck/ctUyAPj+AEDLkQIdJW0T8+qGgj3j5bpNKK7Q3G+LedJWg=="],

    "@asamuzakjp/dom-selector": ["@asamuzakjp/dom-selector@7.1.1", "", { "dependencies": { "@asamuzakjp/generational-cache": "^1.0.1", "@asamuzakjp/nwsapi": "^2.3.9", "bidi-js": "^1.0.3", "css-tree": "^3.2.1", "is-potential-custom-element-name": "^1.0.1" } }, "sha512-67RZDnYRc8H/8MLDgQCDE//zoqVFwajkepHZgmXrbwybzXOEwOWGPYGmALYl9J2DOLfFPPs6kKCqmbzV895hTQ=="],

    "@asamuzakjp/generational-cache": ["@asamuzakjp/generational-cache@1.0.1", "", {}, "sha512-wajfB8KqzMCN2KGNFdLkReeHncd0AslUSrvHVvvYWuU8ghncRJoA50kT3zP9MVL0+9g4/67H+cdvBskj9THPzg=="],

    "@asamuzakjp/nwsapi": ["@asamuzakjp/nwsapi@2.3.9", "", {}, "sha512-n8GuYSrI9bF7FFZ/SjhwevlHc8xaVlb/7HmHelnc/PZXBD2ZR49NnN9sMMuDdEGPeeRQ5d0hqlSlEpgCX3Wl0Q=="],

    "@atproto/api": ["@atproto/api@0.20.14", "", { "dependencies": { "@atproto/common-web": "^0.5.0", "@atproto/lexicon": "^0.7.1", "@atproto/syntax": "^0.6.1", "@atproto/xrpc": "^0.8.0", "await-lock": "^3.0.0", "multiformats": "^13.0.0", "tlds": "^1.234.0", "zod": "^3.23.8" } }, "sha512-Lv5YcYZpdlkee7qwILTYI1kfHKhKTCf4UUOqahp3FIgxPnLEOxYlRNPahY6cnCz+ZGUctUcpOcXUvSV5OAOztQ=="],

    "@atproto/common-web": ["@atproto/common-web@0.5.0", "", { "dependencies": { "@atproto/lex-data": "^0.1.0", "@atproto/lex-json": "^0.1.0", "@atproto/syntax": "^0.6.0", "zod": "^3.23.8" } }, "sha512-ReWnkuZdDU/74/I47gaI26uxQjHmpq4edp41NnZZQ5vIIKGb7Ei6pZHzDTUD9JURo109SKrPx9RMP2IQm0fOKA=="],

    "@atproto/lex-data": ["@atproto/lex-data@0.1.1", "", { "dependencies": { "multiformats": "^13.0.0", "tslib": "^2.8.1", "uint8arrays": "^5.0.0", "unicode-segmenter": "^0.14.0" } }, "sha512-/xza8nU/YhtzhETnHL3QKKofaJ28/0NCzhT7LaYoUkm8EgypWp5ykEtmW52yLhQM2JF6fVa25g1soQmNTGqtSg=="],

    "@atproto/lex-json": ["@atproto/lex-json@0.1.0", "", { "dependencies": { "@atproto/lex-data": "^0.1.0", "tslib": "^2.8.1" } }, "sha512-oWUrRMwFyWpmi/5k1Se3xBTbP06XdxBS5iFuUz9LmqItaPXwrWRD87a9ldPvINQ/A2/mn7J6/qug8sDVlhD+vQ=="],

    "@atproto/lexicon": ["@atproto/lexicon@0.7.1", "", { "dependencies": { "@atproto/common-web": "^0.5.0", "@atproto/syntax": "^0.6.1", "multiformats": "^13.0.0", "zod": "^3.23.8" } }, "sha512-voNfNED5KUxn3vpo7N5DMRblBDfWf7kSfdKhJFC1RrLCxg38YbBzzURNVQJ32bp13Oot8kYfyXBWxTgtKLvw8w=="],

    "@atproto/syntax": ["@atproto/syntax@0.6.1", "", { "dependencies": { "iso-datestring-validator": "^2.2.2", "tslib": "^2.8.1" } }, "sha512-kA4dQDoMPpWCH8N0Q4KoSq024u5MkVfDVa8DdhyLjGA72z/khbOf1jXKPv7NIL2oEc9aj7geKELdvqyf4ogopA=="],

    "@atproto/xrpc": ["@atproto/xrpc@0.8.0", "", { "dependencies": { "@atproto/lexicon": "^0.7.0", "zod": "^3.23.8" } }, "sha512-NJy02bIKrWlE2NQkRV1kT0Cj0ixbuxlF/MejBdo4cPWAa9v3oZexvAcjjb0zaOYeABkaU14iyIhvn2G4e/oLpw=="],

    "@biomejs/biome": ["@biomejs/biome@2.4.16", "", { "optionalDependencies": { "@biomejs/cli-darwin-arm64": "2.4.16", "@biomejs/cli-darwin-x64": "2.4.16", "@biomejs/cli-linux-arm64": "2.4.16", "@biomejs/cli-linux-arm64-musl": "2.4.16", "@biomejs/cli-linux-x64": "2.4.16", "@biomejs/cli-linux-x64-musl": "2.4.16", "@biomejs/cli-win32-arm64": "2.4.16", "@biomejs/cli-win32-x64": "2.4.16" }, "bin": { "biome": "bin/biome" } }, "sha512-x9ajFh1zChVybCiM3TN6OD4phAqLgtPZjFrZF+aTMYCPjwBO+k529TX7PPsAqtGNLeV4UgzwQnowEgS7bGmzcA=="],

    "@biomejs/cli-darwin-arm64": ["@biomejs/cli-darwin-arm64@2.4.16", "", { "os": "darwin", "cpu": "arm64" }, "sha512-wxPvu4XOA85YJk9ixSWUmq/QBHbid85BISbOAqqBM/5xQpPk9ayjk5375tOlSC0BeCwNSbPFafQBm+vBumXq0A=="],

    "@biomejs/cli-darwin-x64": ["@biomejs/cli-darwin-x64@2.4.16", "", { "os": "darwin", "cpu": "x64" }, "sha512-xFCqGPwYusQJp4N4NJLi1XJiZqjwFdjhT+KqtNy+Ug3qgfczqnTa6MSDvxJF6TkuDLoYJItMapz6tAf7kCekFw=="],

    "@biomejs/cli-linux-arm64": ["@biomejs/cli-linux-arm64@2.4.16", "", { "os": "linux", "cpu": "arm64" }, "sha512-2kFb4//jxfZaP6D+Rj5VkHkxgyD9EoRAVBEQb8PKRv+s4NO2zYNJKXFaJmK1CmhufJOWEfpHKaRbOja7qjmdhQ=="],

    "@biomejs/cli-linux-arm64-musl": ["@biomejs/cli-linux-arm64-musl@2.4.16", "", { "os": "linux", "cpu": "arm64" }, "sha512-oYxnW0ARfJkr72ezzF2OR8N/rtkgLUQeYtF8cFhVswbknHxtTcmzSsanVJP8yQKnGpGpc2ck6c5zLvHahL6Cbg=="],

    "@biomejs/cli-linux-x64": ["@biomejs/cli-linux-x64@2.4.16", "", { "os": "linux", "cpu": "x64" }, "sha512-NbcBbi/nJqn5baae6wqRXdS7Gadf2uRpehSh6vMSYpG8OhkXl/Xg8aorWrJ+9VWqAT5ml90alLvorkpMW0nBwQ=="],

    "@biomejs/cli-linux-x64-musl": ["@biomejs/cli-linux-x64-musl@2.4.16", "", { "os": "linux", "cpu": "x64" }, "sha512-iHDS+MCM65DPqWGu+ECC3uoALyj2H7F4nVUPxIPjz/PIl94EUu+EDfGZDzFP+NY1EOPVt9NQvwFqq7HdMmowdg=="],

    "@biomejs/cli-win32-arm64": ["@biomejs/cli-win32-arm64@2.4.16", "", { "os": "win32", "cpu": "arm64" }, "sha512-0rgImMsNb5v/chhkIFe3wu7PEFClS6RBAYUijGL9UsYN3PanSaoK24HSSuSJb1pYbYYVjzAyZTl3gtjJ84BM8A=="],

    "@biomejs/cli-win32-x64": ["@biomejs/cli-win32-x64@2.4.16", "", { "os": "win32", "cpu": "x64" }, "sha512-Kp85jgoBHa05gix6UIRjfCDiUV3w/8VIdZ247VyyO2gEjaw12WEVhdIjlxp/AMzXxqxQwbxNTDVZ3Mwd2RG5rw=="],

    "@bramus/specificity": ["@bramus/specificity@2.4.2", "", { "dependencies": { "css-tree": "^3.0.0" }, "bin": { "specificity": "bin/cli.js" } }, "sha512-ctxtJ/eA+t+6q2++vj5j7FYX3nRu311q1wfYH3xjlLOsczhlhxAg2FWNUXhpGvAw3BWo1xBcvOV6/YLc2r5FJw=="],

    "@codemirror/state": ["@codemirror/state@6.4.1", "", {}, "sha512-QkEyUiLhsJoZkbumGZlswmAhA7CBU02Wrz7zvH4SrcifbsqwlXShVXg65f3v/ts57W3dqyamEriMhij1Z3Zz4A=="],

    "@codemirror/view": ["@codemirror/view@6.28.4", "", { "dependencies": { "@codemirror/state": "^6.4.0", "style-mod": "^4.1.0", "w3c-keyname": "^2.2.4" } }, "sha512-QScv95fiviSQ/CaVGflxAvvvDy/9wi0RFyDl4LkHHWiMr/UPebyuTspmYSeN5Nx6eujcPYwsQzA6ZIZucKZVHQ=="],

    "@csstools/color-helpers": ["@csstools/color-helpers@6.0.2", "", {}, "sha512-LMGQLS9EuADloEFkcTBR3BwV/CGHV7zyDxVRtVDTwdI2Ca4it0CCVTT9wCkxSgokjE5Ho41hEPgb8OEUwoXr6Q=="],

    "@csstools/css-calc": ["@csstools/css-calc@3.2.1", "", { "peerDependencies": { "@csstools/css-parser-algorithms": "^4.0.0", "@csstools/css-tokenizer": "^4.0.0" } }, "sha512-DtdHlgXh5ZkA43cwBcAm+huzgJiwx3ZTWVjBs94kwz2xKqSimDA3lBgCjphYgwgVUMWatSM0pDd8TILB1yrVVg=="],

    "@csstools/css-color-parser": ["@csstools/css-color-parser@4.1.3", "", { "dependencies": { "@csstools/color-helpers": "^6.0.2", "@csstools/css-calc": "^3.2.1" }, "peerDependencies": { "@csstools/css-parser-algorithms": "^4.0.0", "@csstools/css-tokenizer": "^4.0.0" } }, "sha512-DOgvIPkikIOixQRlD4YF31VN6fLLUTdrzhfRbis8vm0kMTgIbEPX0Ip/YX9fOeV9iywAS4sUUbTclpan7yYP8Q=="],

    "@csstools/css-parser-algorithms": ["@csstools/css-parser-algorithms@4.0.0", "", { "peerDependencies": { "@csstools/css-tokenizer": "^4.0.0" } }, "sha512-+B87qS7fIG3L5h3qwJ/IFbjoVoOe/bpOdh9hAjXbvx0o8ImEmUsGXN0inFOnk2ChCFgqkkGFQ+TpM5rbhkKe4w=="],

    "@csstools/css-syntax-patches-for-csstree": ["@csstools/css-syntax-patches-for-csstree@1.1.5", "", { "peerDependencies": { "css-tree": "^3.2.1" }, "optionalPeers": ["css-tree"] }, "sha512-oNjBvzLq2GPZtJphCjLqXow/cHySHSgtxvKZb7OqSZ/xHgw6NWNhfad+6AB9cLeVm6eA9d/qMll3JdEHjy6M+A=="],

    "@csstools/css-tokenizer": ["@csstools/css-tokenizer@4.0.0", "", {}, "sha512-QxULHAm7cNu72w97JUNCBFODFaXpbDg+dP8b/oWFAZ2MTRppA3U00Y2L1HqaS4J6yBqxwa/Y3nMBaxVKbB/NsA=="],

    "@esbuild/aix-ppc64": ["@esbuild/aix-ppc64@0.28.1", "", { "os": "aix", "cpu": "ppc64" }, "sha512-Svl7tq8k/08+p6CXPpRjQ1fKX+1odH/BQbb48fV6fj3CWHhsoIOoY87w1oHXm0qEpkIK3ZfVgp0hed3XBXzXMQ=="],

    "@esbuild/android-arm": ["@esbuild/android-arm@0.28.1", "", { "os": "android", "cpu": "arm" }, "sha512-0k2F129Xdio1TdJfzJ8sy1Q47vUD2NnwdhiAf7drUN1EBTfPf4hsFCtmMgu/6m8JSzsBrlmVjudMBQqOfG8usQ=="],

    "@esbuild/android-arm64": ["@esbuild/android-arm64@0.28.1", "", { "os": "android", "cpu": "arm64" }, "sha512-34EGEbCIAgosYz6goLcopX6Mo7NyGv9tfwEM2/7Ce2VcVRk568iSvniGWcUXIy7wEDR1wzolcxcriFVrWYcwBg=="],

    "@esbuild/android-x64": ["@esbuild/android-x64@0.28.1", "", { "os": "android", "cpu": "x64" }, "sha512-dbwY7ltSMDWsRatcRpCnES4F+im88OCUgGZjy52shC7GqHRE/cYlxNbB4Z4UpJswpcc4Qxd2oE/ufM0p61IKng=="],

    "@esbuild/darwin-arm64": ["@esbuild/darwin-arm64@0.28.1", "", { "os": "darwin", "cpu": "arm64" }, "sha512-TZbWkQY7kvTAXbXUT7uVACR5cMHsDiSz9z7ZKAX/RTq/WJEk3QyRr0wZpNhBDX+/0CtdqUIJlOiodQcta6tY3Q=="],

    "@esbuild/darwin-x64": ["@esbuild/darwin-x64@0.28.1", "", { "os": "darwin", "cpu": "x64" }, "sha512-zfdzgK9ACBNZLI/CyHTOx81SyNbM6YXn7rxSgX97VjyiPl9W1i4Ka4fgKECEoFCKGpvBj5qArWIGgQjOwkgskQ=="],

    "@esbuild/freebsd-arm64": ["@esbuild/freebsd-arm64@0.28.1", "", { "os": "freebsd", "cpu": "arm64" }, "sha512-wG2EA8ENdEI0qhkSZMjfqrdY+ziCYCPMmtZjjIwOmXFjmyzEHn+UUxk5of+SYsjtfs3VpnlC7QLzSI5hY/rOAw=="],

    "@esbuild/freebsd-x64": ["@esbuild/freebsd-x64@0.28.1", "", { "os": "freebsd", "cpu": "x64" }, "sha512-i7dZ9vQgnvSCzi/rYCXNgtF/U+eKZNJBzu3eTQbRgHnM7tNSizLOkRFAl3qzVc/Op/u5YkHHa4pf/3DOYHthLQ=="],

    "@esbuild/linux-arm": ["@esbuild/linux-arm@0.28.1", "", { "os": "linux", "cpu": "arm" }, "sha512-qVXBOHQS+d5Y722GwJzJUtOLlX7km3CraOaGormF1pDtPd2C/l1SHRPgjLunLGe51Sh5YYWKMFDyV4SxgMQYTQ=="],

    "@esbuild/linux-arm64": ["@esbuild/linux-arm64@0.28.1", "", { "os": "linux", "cpu": "arm64" }, "sha512-yHs+0uc8+nvEAfAfxrWQKK5peSNzBc4PegcMO0EJ2hT71uA7vB8Ihg2e77R2P7SG5uYjPbHlLLmve4LLLRCf0g=="],

    "@esbuild/linux-ia32": ["@esbuild/linux-ia32@0.28.1", "", { "os": "linux", "cpu": "ia32" }, "sha512-d1z4ZuP0ajrfz/FhGT4vv278rX8KnPPJx8i5+AtK7TYbx9Le9F1hyzurZpkEyjkGa9dUGhQow4C1NmeGvqxN2w=="],

    "@esbuild/linux-loong64": ["@esbuild/linux-loong64@0.28.1", "", { "os": "linux", "cpu": "none" }, "sha512-M5sRjUVZrkm1OAPR3dlOYzNmN+loZKGVi1VUQGrwuqLcbR6qeAz+famMhjASeH3YVKvZz+zT1jlh/keC3Rj/lg=="],

    "@esbuild/linux-mips64el": ["@esbuild/linux-mips64el@0.28.1", "", { "os": "linux", "cpu": "none" }, "sha512-mRObBZeHh2OxcBFPWE/FjylkRgZdYuiTR3vaTozquCGOH14iP9oN4x4Ge81CoIDYQrXmIxpFumJBu5MtZpnQJQ=="],

    "@esbuild/linux-ppc64": ["@esbuild/linux-ppc64@0.28.1", "", { "os": "linux", "cpu": "ppc64" }, "sha512-slScBsMAb3GFDcdrCgLwZtPYRoH2H/youv10QiZyRjmsP48fznoveWytSgCI/R0ZcUgpc0ZhIUEx6LHts8yrfQ=="],

    "@esbuild/linux-riscv64": ["@esbuild/linux-riscv64@0.28.1", "", { "os": "linux", "cpu": "none" }, "sha512-kw0owk1o0GFETUJyW0jc0G4Yzs0BHZn0JDZ8JRT088vjJYX777BAs1fDGxAC+q831qOs2DTC96mNsG2opdfyyQ=="],

    "@esbuild/linux-s390x": ["@esbuild/linux-s390x@0.28.1", "", { "os": "linux", "cpu": "s390x" }, "sha512-/lAIjX8aYFRByhh6L5rYtPEDRqa9de/4V/juOXcta5frjvzXO4/sqEtyytse0g3zZFuWu5cDN0MkLz2qRDD2Ag=="],

    "@esbuild/linux-x64": ["@esbuild/linux-x64@0.28.1", "", { "os": "linux", "cpu": "x64" }, "sha512-u/anNYF2mmVOEDwLtnQ1wOr3EZ9sTNGLWrsYGYwHWzGA3Si84IOkHXlbWTD1NB+9/1lcnweYKO54uhxZydNzfA=="],

    "@esbuild/netbsd-arm64": ["@esbuild/netbsd-arm64@0.28.1", "", { "os": "none", "cpu": "arm64" }, "sha512-oks0DYbLwWMmaakTsCb+zL4E+aHRVLom9IJZOAthMQEPiQmydXHkziYEsGYRx0uNV/IjEKGAV941JzH02pflqw=="],

    "@esbuild/netbsd-x64": ["@esbuild/netbsd-x64@0.28.1", "", { "os": "none", "cpu": "x64" }, "sha512-aeL6lAnN89Hz43Mlh1G8ARasbuoYvSITDEx0tHh5b7jJnHcssqgjy9Yx430GDpmCa6OyrKoS0aNRjKundRizGg=="],

    "@esbuild/openbsd-arm64": ["@esbuild/openbsd-arm64@0.28.1", "", { "os": "openbsd", "cpu": "arm64" }, "sha512-MEFJe5C3R8pwXdZ5Y21oo6m7ePiS0d9pWucn99O/wvyJZChoIQKrQDxKrGeW8F5+T0okTHesAmDeiHDTIq0V/Q=="],

    "@esbuild/openbsd-x64": ["@esbuild/openbsd-x64@0.28.1", "", { "os": "openbsd", "cpu": "x64" }, "sha512-i/ZLIOafE0Z8cI/XANJAixoJL/uRAoS2xOA3rb0xN+KK0K177cMAsQYkzHtBrtMXAKuAc7HGgcWiZ/sRC1Nxgw=="],

    "@esbuild/openharmony-arm64": ["@esbuild/openharmony-arm64@0.28.1", "", { "os": "none", "cpu": "arm64" }, "sha512-ge+Z7EXFNt2BO1oAMsVpiQ8EwndV9i1xXerAeTIK7AtPs3bKFXQM7nlRxDSIUIMeueR1CNXxqztLzdNeReKBJg=="],

    "@esbuild/sunos-x64": ["@esbuild/sunos-x64@0.28.1", "", { "os": "sunos", "cpu": "x64" }, "sha512-BEjgtECkL3vY+SaSQ6nzVfiALUeFxpawyp8Jmf5PtYhf1Ug40N1h/hxlhts+f1FvSvarEigdxS3BlSMI2PJLcQ=="],

    "@esbuild/win32-arm64": ["@esbuild/win32-arm64@0.28.1", "", { "os": "win32", "cpu": "arm64" }, "sha512-lCv9eK/H6ZJWbE7bh2nw54CZ9M2nupBxJcTsdk/QQnWkdSjKGuxmmH8/GWrlT1eMmZfn4dGcCjRte397WqfQXA=="],

    "@esbuild/win32-ia32": ["@esbuild/win32-ia32@0.28.1", "", { "os": "win32", "cpu": "ia32" }, "sha512-zvb/mB2bSCoJOpoCBgYKKpX6YM6mJBlBUVUtVj41DlZJVEB6/0CKlRYxP5wWl1C1ILiCoAU5wZZ4q1P3qeS6Eg=="],

    "@esbuild/win32-x64": ["@esbuild/win32-x64@0.28.1", "", { "os": "win32", "cpu": "x64" }, "sha512-bm4Mowrv+GXMlpWX++EcXw/iLyd1o3+bJkC2DkWXYVvgZCqD/bSj9ctZeAMC3cIxgjRVR2Dufaiu4YPxr5gW1A=="],

    "@exodus/bytes": ["@exodus/bytes@1.15.1", "", { "peerDependencies": { "@noble/hashes": "^1.8.0 || ^2.0.0" }, "optionalPeers": ["@noble/hashes"] }, "sha512-S6mL0yNB/Abt9Ei4tq8gDhcczc4S3+vQ4ra7vxnAf+YHC02srtqxKKZghx2Dq6p0e66THKwR6r8N6P95wEty7Q=="],

    "@types/bun": ["@types/bun@1.3.14", "", { "dependencies": { "bun-types": "1.3.14" } }, "sha512-h1hFqFVcvAvD9j9K7ZW7vd82aSA+rTdznZa+5bwvCwqSB1jmmfLcbIWhOLx1/+boy/xmjgCs/OMUL8hRJSmnPw=="],

    "@types/codemirror": ["@types/codemirror@5.60.8", "", { "dependencies": { "@types/tern": "*" } }, "sha512-VjFgDF/eB+Aklcy15TtOTLQeMjTo07k7KAjql8OK5Dirr7a6sJY4T1uVBDuTVG9VEmn1uUsohOpYnVfgC6/jyw=="],

    "@types/encoding-japanese": ["@types/encoding-japanese@2.2.1", "", {}, "sha512-6jjepuTusvySxMLP7W6usamlbgf0F4sIDvm7EzYePjLHY7zWUv4yz2PLUnu0vuNVtXOTLu2cRdFcDg40J5Owsw=="],

    "@types/estree": ["@types/estree@1.0.5", "", {}, "sha512-/kYRxGDLWzHOB7q+wtSUQlFrtcdUccpfy+X+9iMBpHK8QLLhx2wIPYuS5DYtR9Wa/YlZAbIovy7qVdB1Aq6Lyw=="],

    "@types/jsdom": ["@types/jsdom@28.0.3", "", { "dependencies": { "@types/node": "*", "@types/tough-cookie": "*", "parse5": "^8.0.0", "undici-types": "^7.21.0" } }, "sha512-/HQ2uFoetFTXuye8vzIcHw2z6Fwi7Hi/qcgC+RoS9NCyewiqxhVGqlG+ViGB6lkax481R6dmhf1I7lIGlzJStQ=="],

    "@types/json-schema": ["@types/json-schema@7.0.15", "", {}, "sha512-5+fP8P8MFNC+AyZCDxrB2pkZFPGzqQWUzpSeuuVLvm8VMcorNYavBqoFcxK8bQz4Qsbn4oUEEem4wDLfcysGHA=="],

    "@types/node": ["@types/node@22.19.21", "", { "dependencies": { "undici-types": "~6.21.0" } }, "sha512-VMeFBSCKQKmm2swI2kW51SFusDqekC6q9trBCvJ/JliDchFSuoYYKN7yVNjPthP1HKZcx3U1gI/wTcEBjEFKTA=="],

    "@types/tern": ["@types/tern@0.23.9", "", { "dependencies": { "@types/estree": "*" } }, "sha512-ypzHFE/wBzh+BlH6rrBgS5I/Z7RD21pGhZ2rltb/+ZrVM1awdZwjx7hE5XfuYgHWk9uvV5HLZN3SloevCAp3Bw=="],

    "@types/tough-cookie": ["@types/tough-cookie@4.0.5", "", {}, "sha512-/Ad8+nIOV7Rl++6f1BdKxFSMgmoqEoYbHRpPcx3JEfv8VRsQe9Z4mCXeJBzxs7mbHY/XOZZuXlRNfhpVPbs6ZA=="],

    "@types/web": ["@types/web@0.0.350", "", {}, "sha512-XFISASo1wPsKKtI5v1nJ51YuZYkjUE9kduDFpfHCOKEMbHtRLHX0k3V3bpBeQx2L1VvcxTIECHvC3r3Rfmu0YA=="],

    "@typescript/native-preview": ["@typescript/native-preview@7.0.0-dev.20260612.1", "", { "optionalDependencies": { "@typescript/native-preview-darwin-arm64": "7.0.0-dev.20260612.1", "@typescript/native-preview-darwin-x64": "7.0.0-dev.20260612.1", "@typescript/native-preview-linux-arm": "7.0.0-dev.20260612.1", "@typescript/native-preview-linux-arm64": "7.0.0-dev.20260612.1", "@typescript/native-preview-linux-x64": "7.0.0-dev.20260612.1", "@typescript/native-preview-win32-arm64": "7.0.0-dev.20260612.1", "@typescript/native-preview-win32-x64": "7.0.0-dev.20260612.1" }, "bin": { "tsgo": "bin/tsgo.js" } }, "sha512-+rghVK/GENODCBed03PMAbHAo885P6Hw6HeW5daICel80OmAM49QeTmdcI7oii/9WMqX2UhM0sfNMH0Y5LeO+w=="],

    "@typescript/native-preview-darwin-arm64": ["@typescript/native-preview-darwin-arm64@7.0.0-dev.20260612.1", "", { "os": "darwin", "cpu": "arm64" }, "sha512-4GXIs4Z/4E0E1fRXmt1XE7mKRiwghkoNHstbqSHFl6Z7PeWBdTiSFR5j4JGo3Zp8RzZ+N6zZoVZOfG3HNqjWtQ=="],

    "@typescript/native-preview-darwin-x64": ["@typescript/native-preview-darwin-x64@7.0.0-dev.20260612.1", "", { "os": "darwin", "cpu": "x64" }, "sha512-YCXzMiUYnkOpg1Hh+TgYL5MZ190eia4LE8qpEti+j4QnZyARhQEbPWSUzXfQjinAy3Qcx7njamydSHpuBnODLQ=="],

    "@typescript/native-preview-linux-arm": ["@typescript/native-preview-linux-arm@7.0.0-dev.20260612.1", "", { "os": "linux", "cpu": "arm" }, "sha512-ylu0HtI0NS90souTPje6j1iTqhIPIYaZ12yLO1n8lxHkDXKjggm6w9l4BL/uRWqWc4iVHWt8JUAC/my7X1/EDQ=="],

    "@typescript/native-preview-linux-arm64": ["@typescript/native-preview-linux-arm64@7.0.0-dev.20260612.1", "", { "os": "linux", "cpu": "arm64" }, "sha512-F4dPFLmRRPc2XeqQy45bDKQqbg4M4HoF7ybXae+D1LV8F44KR4ktUlXhp5pQBhwoQxZaLhA2D+NKwV/2UpILcA=="],

    "@typescript/native-preview-linux-x64": ["@typescript/native-preview-linux-x64@7.0.0-dev.20260612.1", "", { "os": "linux", "cpu": "x64" }, "sha512-F/k8oic3wyq0WD5v7PQFPBlXaajbgzMnG9fkCWMwLYh2BUtD1VUjQ78dwDEz06AmOY+hsFrDuCtIZUyauBBU7w=="],

    "@typescript/native-preview-win32-arm64": ["@typescript/native-preview-win32-arm64@7.0.0-dev.20260612.1", "", { "os": "win32", "cpu": "arm64" }, "sha512-6/F10rOev8Wb2LM2F8C2ymuwcu+jrr06pcLR4AD8gy0YmTBjPvEZpKyBjCfdaJtIFH8S20dAVAK9HhYlw0JwnA=="],

    "@typescript/native-preview-win32-x64": ["@typescript/native-preview-win32-x64@7.0.0-dev.20260612.1", "", { "os": "win32", "cpu": "x64" }, "sha512-8eRyhATm1dqo0PhAuyC908xlDUS9Onvm0BLvm81rAHRO6n3JhnzrwXL8s4jdvyDBiGK40R4d6JvY55edthg/rA=="],

    "await-lock": ["await-lock@3.0.0", "", {}, "sha512-eO6fLiSnrJrMdjWMNK8zbVRXPs2TKJg78iKZd9wDpN3na5tcoV6EoeiOlMgk2QaAQ1gIrK1YuMsJHXWqz89tSA=="],

    "balanced-match": ["balanced-match@4.0.4", "", {}, "sha512-BLrgEcRTwX2o6gGxGOCNyMvGSp35YofuYzw9h1IMTRmKqttAZZVU67bdb9Pr2vUHA8+j3i2tJfjO6C6+4myGTA=="],

    "bidi-js": ["bidi-js@1.0.3", "", { "dependencies": { "require-from-string": "^2.0.2" } }, "sha512-RKshQI1R3YQ+n9YJz2QQ147P66ELpa1FQEg20Dk8oW9t2KgLbpDLLp9aGZ7y8WHSshDknG0bknqGw5/tyCs5tw=="],

    "brace-expansion": ["brace-expansion@5.0.6", "", { "dependencies": { "balanced-match": "^4.0.2" } }, "sha512-kLpxurY4Z4r9sgMsyG0Z9uzsBlgiU/EFKhj/h91/8yHu0edo7XuixOIH3VcJ8kkxs6/jPzoI6U9Vj3WqbMQ94g=="],

    "builtin-modules": ["builtin-modules@5.2.0", "", {}, "sha512-02yxLeyxF4dNl6SlY6/5HfRSrSdZ/sCPoxy2kZNP5dZZX8LSAD9aE2gtJIUgWrsQTiMPl3mxESyrobSwvRGisQ=="],

    "bun-types": ["bun-types@1.3.14", "", { "dependencies": { "@types/node": "*" } }, "sha512-4N0ig0fEomHt5R0KCFWjovxow98rIoRwKolrYdCcknNwMekCXRnWEUvgu5soYV8QXtVsrUD8B95MBOZGPvr6KQ=="],

    "chokidar": ["chokidar@5.0.0", "", { "dependencies": { "readdirp": "^5.0.0" } }, "sha512-TQMmc3w+5AxjpL8iIiwebF73dRDF4fBIieAqGn9RGCWaEVwQ6Fb2cGe31Yns0RRIzii5goJ1Y7xbMwo1TxMplw=="],

    "commander": ["commander@14.0.3", "", {}, "sha512-H+y0Jo/T1RZ9qPP4Eh1pkcQcLRglraJaSLoyOtHxu6AapkjWVCy2Sit1QQ4x3Dng8qDlSsZEet7g5Pq06MvTgw=="],

    "css-tree": ["css-tree@3.2.1", "", { "dependencies": { "mdn-data": "2.27.1", "source-map-js": "^1.2.1" } }, "sha512-X7sjQzceUhu1u7Y/ylrRZFU2FS6LRiFVp6rKLPg23y3x3c3DOKAwuXGDp+PAGjh6CSnCjYeAul8pcT8bAl+lSA=="],

    "data-urls": ["data-urls@7.0.0", "", { "dependencies": { "whatwg-mimetype": "^5.0.0", "whatwg-url": "^16.0.0" } }, "sha512-23XHcCF+coGYevirZceTVD7NdJOqVn+49IHyxgszm+JIiHLoB2TkmPtsYkNWT1pvRSGkc35L6NHs0yHkN2SumA=="],

    "dayjs": ["dayjs@1.11.21", "", {}, "sha512-98IT+HOahAisibz/yjKbzuOBwYcjJ7BCLPzARyHiyEBmRz4fatF+KPJszEHXsGYjUG234aH/cOjW1wwTbKUZlA=="],

    "decimal.js": ["decimal.js@10.6.0", "", {}, "sha512-YpgQiITW3JXGntzdUmyUR1V812Hn8T1YVXhCu+wO3OpS4eU9l4YdD3qjyiKdV6mvV29zapkMeD390UVEf2lkUg=="],

    "encoding-japanese": ["encoding-japanese@2.2.0", "", {}, "sha512-EuJWwlHPZ1LbADuKTClvHtwbaFn4rOD+dRAbWysqEOXRc2Uui0hJInNJrsdH0c+OhJA4nrCBdSkW4DD5YxAo6A=="],

    "entities": ["entities@8.0.0", "", {}, "sha512-zwfzJecQ/Uej6tusMqwAqU/6KL2XaB2VZ2Jg54Je6ahNBGNH6Ek6g3jjNCF0fG9EWQKGZNddNjU5F1ZQn/sBnA=="],

    "esbuild": ["esbuild@0.28.1", "", { "optionalDependencies": { "@esbuild/aix-ppc64": "0.28.1", "@esbuild/android-arm": "0.28.1", "@esbuild/android-arm64": "0.28.1", "@esbuild/android-x64": "0.28.1", "@esbuild/darwin-arm64": "0.28.1", "@esbuild/darwin-x64": "0.28.1", "@esbuild/freebsd-arm64": "0.28.1", "@esbuild/freebsd-x64": "0.28.1", "@esbuild/linux-arm": "0.28.1", "@esbuild/linux-arm64": "0.28.1", "@esbuild/linux-ia32": "0.28.1", "@esbuild/linux-loong64": "0.28.1", "@esbuild/linux-mips64el": "0.28.1", "@esbuild/linux-ppc64": "0.28.1", "@esbuild/linux-riscv64": "0.28.1", "@esbuild/linux-s390x": "0.28.1", "@esbuild/linux-x64": "0.28.1", "@esbuild/netbsd-arm64": "0.28.1", "@esbuild/netbsd-x64": "0.28.1", "@esbuild/openbsd-arm64": "0.28.1", "@esbuild/openbsd-x64": "0.28.1", "@esbuild/openharmony-arm64": "0.28.1", "@esbuild/sunos-x64": "0.28.1", "@esbuild/win32-arm64": "0.28.1", "@esbuild/win32-ia32": "0.28.1", "@esbuild/win32-x64": "0.28.1" }, "bin": { "esbuild": "bin/esbuild" } }, "sha512-HrJrvZv5ayxBzPfwphOoNzkzOIIlifzk0KJrGK2c8R4+LKpMtpYLQeUdjnwjWv/LZlkH2laZk+4w78pi99D4Vw=="],

    "glob": ["glob@13.0.6", "", { "dependencies": { "minimatch": "^10.2.2", "minipass": "^7.1.3", "path-scurry": "^2.0.2" } }, "sha512-Wjlyrolmm8uDpm/ogGyXZXb1Z+Ca2B8NbJwqBVg0axK9GbBeoS7yGV6vjXnYdGm6X53iehEuxxbyiKp8QmN4Vw=="],

    "html-encoding-sniffer": ["html-encoding-sniffer@6.0.0", "", { "dependencies": { "@exodus/bytes": "^1.6.0" } }, "sha512-CV9TW3Y3f8/wT0BRFc1/KAVQ3TUHiXmaAb6VW9vtiMFf7SLoMd1PdAc4W3KFOFETBJUb90KatHqlsZMWV+R9Gg=="],

    "is-potential-custom-element-name": ["is-potential-custom-element-name@1.0.1", "", {}, "sha512-bCYeRA2rVibKZd+s2625gGnGF/t7DSqDs4dP7CrLA1m7jKWz6pps0LpYLJN8Q64HtmPKJ1hrN3nzPNKFEKOUiQ=="],

    "iso-datestring-validator": ["iso-datestring-validator@2.2.2", "", {}, "sha512-yLEMkBbLZTlVQqOnQ4FiMujR6T4DEcCb1xizmvXS+OxuhwcbtynoosRzdMA69zZCShCNAbi+gJ71FxZBBXx1SA=="],

    "jsdom": ["jsdom@29.1.1", "", { "dependencies": { "@asamuzakjp/css-color": "^5.1.11", "@asamuzakjp/dom-selector": "^7.1.1", "@bramus/specificity": "^2.4.2", "@csstools/css-syntax-patches-for-csstree": "^1.1.3", "@exodus/bytes": "^1.15.0", "css-tree": "^3.2.1", "data-urls": "^7.0.0", "decimal.js": "^10.6.0", "html-encoding-sniffer": "^6.0.0", "is-potential-custom-element-name": "^1.0.1", "lru-cache": "^11.3.5", "parse5": "^8.0.1", "saxes": "^6.0.0", "symbol-tree": "^3.2.4", "tough-cookie": "^6.0.1", "undici": "^7.25.0", "w3c-xmlserializer": "^5.0.0", "webidl-conversions": "^8.0.1", "whatwg-mimetype": "^5.0.0", "whatwg-url": "^16.0.1", "xml-name-validator": "^5.0.0" }, "peerDependencies": { "canvas": "^3.0.0" }, "optionalPeers": ["canvas"] }, "sha512-ECi4Fi2f7BdJtUKTflYRTiaMxIB0O6zfR1fX0GXpUrf6flp8QIYn1UT20YQqdSOfk2dfkCwS8LAFoJDEppNK5Q=="],

    "json5": ["json5@2.2.3", "", { "bin": { "json5": "lib/cli.js" } }, "sha512-XmOWe7eyHYH14cLdVPoyg+GOH3rYX++KpzrylJwSW98t3Nk+U8XOl8FWKOgwtzdb8lXGf6zYwDUzeHMWfxasyg=="],

    "jssha": ["jssha@3.3.1", "", {}, "sha512-VCMZj12FCFMQYcFLPRm/0lOBbLi8uM2BhXPTqw3U4YAfs4AZfiApOoBLoN8cQE60Z50m1MYMTQVCfgF/KaCVhQ=="],

    "lru-cache": ["lru-cache@11.5.1", "", {}, "sha512-RPimw/7aMdv2oqRrxKwvZXcPfwBrn/JZ2xYcY9Hus/6LaS3VOAKVWKWgNLCFSiOm1ESXinjsDlidVU7JlnCN2A=="],

    "mdn-data": ["mdn-data@2.27.1", "", {}, "sha512-9Yubnt3e8A0OKwxYSXyhLymGW4sCufcLG6VdiDdUGVkPhpqLxlvP5vl1983gQjJl3tqbrM731mjaZaP68AgosQ=="],

    "minimatch": ["minimatch@10.2.5", "", { "dependencies": { "brace-expansion": "^5.0.5" } }, "sha512-MULkVLfKGYDFYejP07QOurDLLQpcjk7Fw+7jXS2R2czRQzR56yHRveU5NDJEOviH+hETZKSkIk5c+T23GjFUMg=="],

    "minipass": ["minipass@7.1.3", "", {}, "sha512-tEBHqDnIoM/1rXME1zgka9g6Q2lcoCkxHLuc7ODJ5BxbP5d4c2Z5cGgtXAku59200Cx7diuHTOYfSBD8n6mm8A=="],

    "moment": ["moment@2.29.4", "", {}, "sha512-5LC9SOxjSc2HF6vO2CyuTDNivEdoz2IvyJJGj6X8DJ0eFyfszE0QiEd+iXmBvUP3WHxSjFH/vIsA0EN00cgr8w=="],

    "multiformats": ["multiformats@13.4.2", "", {}, "sha512-eh6eHCrRi1+POZ3dA+Dq1C6jhP1GNtr9CRINMb67OKzqW9I5DUuZM/3jLPlzhgpGeiNUlEGEbkCYChXMCc/8DQ=="],

    "normalize-path": ["normalize-path@3.0.0", "", {}, "sha512-6eZs5Ls3WtCisHWp9S2GUy8dqkpGi4BVSz3GaqiE6ezub0512ESztXUwUB6C6IKbQkY2Pnb/mD4WYojCRwcwLA=="],

    "obsidian": ["obsidian@1.13.1", "", { "dependencies": { "@types/codemirror": "5.60.8", "moment": "2.29.4" }, "peerDependencies": { "@codemirror/state": "6.5.0", "@codemirror/view": "6.38.6" } }, "sha512-qtTEA2pmhJzhuhJqzbBFRYhpIOqvW+krDYjtFynv66KbxBbumHBlsJfWw3I4jtnK/6fZwbQhCrmmDdRwXmX56w=="],

    "parse5": ["parse5@8.0.1", "", { "dependencies": { "entities": "^8.0.0" } }, "sha512-z1e/HMG90obSGeidlli3hj7cbocou0/wa5HacvI3ASx34PecNjNQeaHNo5WIZpWofN9kgkqV1q5YvXe3F0FoPw=="],

    "path-scurry": ["path-scurry@2.0.2", "", { "dependencies": { "lru-cache": "^11.0.0", "minipass": "^7.1.2" } }, "sha512-3O/iVVsJAPsOnpwWIeD+d6z/7PmqApyQePUtCndjatj/9I5LylHvt5qluFaBT3I5h3r1ejfR056c+FCv+NnNXg=="],

    "punycode": ["punycode@2.3.1", "", {}, "sha512-vYt7UD1U9Wg6138shLtLOvdAu+8DsC/ilFtEVHcH+wydcSpNE20AfSOduf6MkRFahL5FY7X1oU7nKVZFtfq8Fg=="],

    "readdirp": ["readdirp@5.0.0", "", {}, "sha512-9u/XQ1pvrQtYyMpZe7DXKv2p5CNvyVwzUB6uhLAnQwHMSgKMBR62lc7AHljaeteeHXn11XTAaLLUVZYVZyuRBQ=="],

    "require-from-string": ["require-from-string@2.0.2", "", {}, "sha512-Xf0nWe6RseziFMu+Ap9biiUbmplq6S9/p+7w7YXP/JBHhrUDDUhwa+vANyubuqfZWTveU//DYVGsDG7RKL/vEw=="],

    "safe-stable-stringify": ["safe-stable-stringify@2.5.0", "", {}, "sha512-b3rppTKm9T+PsVCBEOUR46GWI7fdOs00VKZ1+9c1EWDaDMvjQc6tUwuFyIprgGgTcWoVHSKrU8H31ZHA2e0RHA=="],

    "saxes": ["saxes@6.0.0", "", { "dependencies": { "xmlchars": "^2.2.0" } }, "sha512-xAg7SOnEhrm5zI3puOOKyy1OMcMlIJZYNJY7xLBwSze0UjhPLnWfj2GF2EpT0jmzaJKIWKHLsaSSajf35bcYnA=="],

    "source-map-js": ["source-map-js@1.2.1", "", {}, "sha512-UXWMKhLOwVKb728IUtQPXxfYU+usdybtUrK/8uGE8CQMvrhOpwvzDBwj0QhSL7MQc7vIsISBG8VQ8+IDQxpfQA=="],

    "style-mod": ["style-mod@4.1.2", "", {}, "sha512-wnD1HyVqpJUI2+eKZ+eo1UwghftP6yuFheBqqe+bWCotBjC2K1YnteJILRMs3SM4V/0dLEW1SC27MWP5y+mwmw=="],

    "symbol-tree": ["symbol-tree@3.2.4", "", {}, "sha512-9QNk5KwDF+Bvz+PyObkmSYjI5ksVUYtjW7AU22r2NKcfLJcXp96hkDWU3+XndOsUb+AQ9QhfzfCT2O+CNWT5Tw=="],

    "tlds": ["tlds@1.255.0", "", { "bin": { "tlds": "bin.js" } }, "sha512-tcwMRIioTcF/FcxLev8MJWxCp+GUALRhFEqbDoZrnowmKSGqPrl5pqS+Sut2m8BgJ6S4FExCSSpGffZ0Tks6Aw=="],

    "tldts": ["tldts@7.4.2", "", { "dependencies": { "tldts-core": "^7.4.2" }, "bin": { "tldts": "bin/cli.js" } }, "sha512-kCwffuaH8ntKtygnWe1b4BJKWiCUH30n5KfoTr6IchcXOwR7chAOFJxFrH3vjANafUYrIA4a7SDL+nn7SiR4Sw=="],

    "tldts-core": ["tldts-core@7.4.2", "", {}, "sha512-nwEyF4vl4RSJjwSjBUmOSxc3BFPoIFdlRthJ6e+5v9P3bHNsoD06UjuqMUspqp7vsEZ1beaHi1km+optiE17yA=="],

    "tough-cookie": ["tough-cookie@6.0.1", "", { "dependencies": { "tldts": "^7.0.5" } }, "sha512-LktZQb3IeoUWB9lqR5EWTHgW/VTITCXg4D21M+lvybRVdylLrRMnqaIONLVb5mav8vM19m44HIcGq4qASeu2Qw=="],

    "tr46": ["tr46@6.0.0", "", { "dependencies": { "punycode": "^2.3.1" } }, "sha512-bLVMLPtstlZ4iMQHpFHTR7GAGj2jxi8Dg0s2h2MafAE4uSWF98FC/3MomU51iQAMf8/qDUbKWf5GxuvvVcXEhw=="],

    "ts-json-schema-generator": ["ts-json-schema-generator@2.9.0", "", { "dependencies": { "@types/json-schema": "^7.0.15", "commander": "^14.0.3", "glob": "^13.0.6", "json5": "^2.2.3", "normalize-path": "^3.0.0", "safe-stable-stringify": "^2.5.0", "tslib": "^2.8.1", "typescript": "^5.9.3" }, "bin": { "ts-json-schema-generator": "bin/ts-json-schema-generator.js" } }, "sha512-NR5ZE108uiPtBHBJNGnhwoUaUx5vWTDJzDFG9YlRoqxPU76n+5FClRh92dcGgysbe1smRmYalM9Saj97GW1J4Q=="],

    "ts-pattern": ["ts-pattern@5.9.0", "", {}, "sha512-6s5V71mX8qBUmlgbrfL33xDUwO0fq48rxAu2LBE11WBeGdpCPOsXksQbZJHvHwhrd3QjUusd3mAOM5Gg0mFBLg=="],

    "tslib": ["tslib@2.8.1", "", {}, "sha512-oJFu94HQb+KVduSUQL7wnpmqnfmLsOA/nAh6b6EH0wCEoK0/mPeXU6c3wKDV83MkOuHPRHtSXKKU99IBazS/2w=="],

    "typescript": ["typescript@5.9.3", "", { "bin": { "tsc": "bin/tsc", "tsserver": "bin/tsserver" } }, "sha512-jl1vZzPDinLr9eUt3J/t7V6FgNEw9QjvBPdysz9KfQDD41fQrC2Y4vKQdiaUpFT4bXlb1RHhLpp8wtm6M5TgSw=="],

    "uint8arrays": ["uint8arrays@5.1.1", "", { "dependencies": { "multiformats": "^13.0.0" } }, "sha512-9muQwa4wZG4dKi9gMAIBtnk2Pw87SRpvWTH6lOGm19V2Uqxr4uomUf2PGqPnWc+qs06sN8owUU4jfcoWOcfwVQ=="],

    "undici": ["undici@7.27.2", "", {}, "sha512-uZsKNuzQxDMUY6M3pIMvy5tvlGmtq8XJ2oLAkfRKGNu+1VQAIvLy2xIVG5ATZl5wDXl/tddByAWCizRbOme+TA=="],

    "undici-types": ["undici-types@7.27.2", "", {}, "sha512-cH9f42mHuljpNuoS47sWDDWXVxWnJgYCzHVUlr3tn7+HVx0L6QSO+VG5qgzT4kXkR2K8ZsReaT5bupam6RNAEQ=="],

    "unicode-segmenter": ["unicode-segmenter@0.14.5", "", {}, "sha512-jHGmj2LUuqDcX3hqY12Ql+uhUTn8huuxNZGq7GvtF6bSybzH3aFgedYu/KTzQStEgt1Ra2F3HxadNXsNjb3m3g=="],

    "w3c-keyname": ["w3c-keyname@2.2.8", "", {}, "sha512-dpojBhNsCNN7T82Tm7k26A6G9ML3NkhDsnw9n/eoxSRlVBB4CEtIQ/KTCLI2Fwf3ataSXRhYFkQi3SlnFwPvPQ=="],

    "w3c-xmlserializer": ["w3c-xmlserializer@5.0.0", "", { "dependencies": { "xml-name-validator": "^5.0.0" } }, "sha512-o8qghlI8NZHU1lLPrpi2+Uq7abh4GGPpYANlalzWxyWteJOCsr/P+oPBA49TOLu5FTZO4d3F9MnWJfiMo4BkmA=="],

    "webidl-conversions": ["webidl-conversions@8.0.1", "", {}, "sha512-BMhLD/Sw+GbJC21C/UgyaZX41nPt8bUTg+jWyDeg7e7YN4xOM05YPSIXceACnXVtqyEw/LMClUQMtMZ+PGGpqQ=="],

    "whatwg-mimetype": ["whatwg-mimetype@5.0.0", "", {}, "sha512-sXcNcHOC51uPGF0P/D4NVtrkjSU2fNsm9iog4ZvZJsL3rjoDAzXZhkm2MWt1y+PUdggKAYVoMAIYcs78wJ51Cw=="],

    "whatwg-url": ["whatwg-url@16.0.1", "", { "dependencies": { "@exodus/bytes": "^1.11.0", "tr46": "^6.0.0", "webidl-conversions": "^8.0.1" } }, "sha512-1to4zXBxmXHV3IiSSEInrreIlu02vUOvrhxJJH5vcxYTBDAx51cqZiKdyTxlecdKNSjj8EcxGBxNf6Vg+945gw=="],

    "xml-name-validator": ["xml-name-validator@5.0.0", "", {}, "sha512-EvGK8EJ3DhaHfbRlETOWAS5pO9MZITeauHKJyb8wyajUfQUenkIg2MvLDTZ4T/TgIcm3HU0TFBgWWboAZ30UHg=="],

    "xmlchars": ["xmlchars@2.2.0", "", {}, "sha512-JZnDKK8B0RCDw84FNdDAIpZK+JuJw+s7Lz8nksI7SIuU3UXJJslUthsi+uWBUYOwPFwW7W7PRLRfUKpxjtjFCw=="],

    "zod": ["zod@3.24.1", "", {}, "sha512-muH7gBL9sI1nciMZV67X5fTKKBLtwpZ5VBp1vsOQzj1MhrBZ4wlVCm3gedKZWLp0Oyel8sIGfeiz54Su+OVT+A=="],

    "@types/jsdom/@types/node": ["@types/node@25.9.3", "", { "dependencies": { "undici-types": ">=7.24.0 <7.24.7" } }, "sha512-603BddQMv3pUcr4U2dhujk83N2tTDVr/34wII2B6bJy6g+8WD6yUb11jszNs0gdi4PesVWl7ABt8nYMVpnLUcg=="],

    "@types/node/undici-types": ["undici-types@6.21.0", "", {}, "sha512-iwDZqg0QAGrg9Rav5H4n0M64c3mkR59cJ6wQp+7C4nI0gsmExaedaYLNO44eT4AtBBwjbTiGPMlt2Md0T9H9JQ=="],

    "bun-types/@types/node": ["@types/node@25.9.3", "", { "dependencies": { "undici-types": ">=7.24.0 <7.24.7" } }, "sha512-603BddQMv3pUcr4U2dhujk83N2tTDVr/34wII2B6bJy6g+8WD6yUb11jszNs0gdi4PesVWl7ABt8nYMVpnLUcg=="],

    "@types/jsdom/@types/node/undici-types": ["undici-types@7.24.6", "", {}, "sha512-WRNW+sJgj5OBN4/0JpHFqtqzhpbnV0GuB+OozA9gCL7a993SmU+1JBZCzLNxYsbMfIeDL+lTsphD5jN5N+n0zg=="],

    "bun-types/@types/node/undici-types": ["undici-types@7.24.6", "", {}, "sha512-WRNW+sJgj5OBN4/0JpHFqtqzhpbnV0GuB+OozA9gCL7a993SmU+1JBZCzLNxYsbMfIeDL+lTsphD5jN5N+n0zg=="],
  }
}
